
Microsoft Visual Studio Solution File, Format Version 12.00
# Visual Studio Version 16
VisualStudioVersion = 16.0.30114.105
MinimumVisualStudioVersion = 10.0.40219.1
Project("{2150E333-8FDC-42A3-9474-1A3956D46DE8}") = "src", "src", "{0CD12A2E-562A-4D32-AFD3-2258E821B9E7}"
EndProject
Project("{FAE04EC0-301F-11D3-BF4B-00C04F79EFBC}") = "MPS.Domain.Core", "src\MPS.Domain.Core\MPS.Domain.Core.csproj", "{21C9D1AA-3D5E-4D98-AD35-58A2C186AFC8}"
EndProject
Project("{FAE04EC0-301F-11D3-BF4B-00C04F79EFBC}") = "MPS.Domain", "src\MPS.Domain\MPS.Domain.csproj", "{AC682990-4508-4BCC-85A0-53383F3BCE47}"
EndProject
Project("{FAE04EC0-301F-11D3-BF4B-00C04F79EFBC}") = "MPS.Data.EF", "src\MPS.Data.EF\MPS.Data.EF.csproj", "{D6F445E7-46AD-42A8-AF2D-8ADC91853EB0}"
EndProject
Project("{FAE04EC0-301F-11D3-BF4B-00C04F79EFBC}") = "MPS.Common", "src\MPS.Common\MPS.Common.csproj", "{DB233210-8C38-4675-90A3-9D99426D45A9}"
EndProject
Project("{FAE04EC0-301F-11D3-BF4B-00C04F79EFBC}") = "MPS.Services", "src\MPS.Services\MPS.Services.csproj", "{6E5C776C-6119-4003-9D19-1401402722D5}"
EndProject
Project("{FAE04EC0-301F-11D3-BF4B-00C04F79EFBC}") = "MPS.IOC", "src\MPS.IOC\MPS.IOC.csproj", "{1570DC37-18DD-4658-901C-F1A50492AED7}"
EndProject
Project("{FAE04EC0-301F-11D3-BF4B-00C04F79EFBC}") = "MPS.WebApp.MVC", "src\MPS.WebApp.MVC\MPS.WebApp.MVC.csproj", "{2264A4D2-5061-48EB-B3A2-31F74DDFBC83}"
EndProject
Global
	GlobalSection(SolutionConfigurationPlatforms) = preSolution
		Debug|Any CPU = Debug|Any CPU
		Debug|x64 = Debug|x64
		Debug|x86 = Debug|x86
		Release|Any CPU = Release|Any CPU
		Release|x64 = Release|x64
		Release|x86 = Release|x86
	EndGlobalSection
	GlobalSection(SolutionProperties) = preSolution
		HideSolutionNode = FALSE
	EndGlobalSection
	GlobalSection(ProjectConfigurationPlatforms) = postSolution
		{21C9D1AA-3D5E-4D98-AD35-58A2C186AFC8}.Debug|Any CPU.ActiveCfg = Debug|Any CPU
		{21C9D1AA-3D5E-4D98-AD35-58A2C186AFC8}.Debug|Any CPU.Build.0 = Debug|Any CPU
		{21C9D1AA-3D5E-4D98-AD35-58A2C186AFC8}.Debug|x64.ActiveCfg = Debug|Any CPU
		{21C9D1AA-3D5E-4D98-AD35-58A2C186AFC8}.Debug|x64.Build.0 = Debug|Any CPU
		{21C9D1AA-3D5E-4D98-AD35-58A2C186AFC8}.Debug|x86.ActiveCfg = Debug|Any CPU
		{21C9D1AA-3D5E-4D98-AD35-58A2C186AFC8}.Debug|x86.Build.0 = Debug|Any CPU
		{21C9D1AA-3D5E-4D98-AD35-58A2C186AFC8}.Release|Any CPU.ActiveCfg = Release|Any CPU
		{21C9D1AA-3D5E-4D98-AD35-58A2C186AFC8}.Release|Any CPU.Build.0 = Release|Any CPU
		{21C9D1AA-3D5E-4D98-AD35-58A2C186AFC8}.Release|x64.ActiveCfg = Release|Any CPU
		{21C9D1AA-3D5E-4D98-AD35-58A2C186AFC8}.Release|x64.Build.0 = Release|Any CPU
		{21C9D1AA-3D5E-4D98-AD35-58A2C186AFC8}.Release|x86.ActiveCfg = Release|Any CPU
		{21C9D1AA-3D5E-4D98-AD35-58A2C186AFC8}.Release|x86.Build.0 = Release|Any CPU
		{AC682990-4508-4BCC-85A0-53383F3BCE47}.Debug|Any CPU.ActiveCfg = Debug|Any CPU
		{AC682990-4508-4BCC-85A0-53383F3BCE47}.Debug|Any CPU.Build.0 = Debug|Any CPU
		{AC682990-4508-4BCC-85A0-53383F3BCE47}.Debug|x64.ActiveCfg = Debug|Any CPU
		{AC682990-4508-4BCC-85A0-53383F3BCE47}.Debug|x64.Build.0 = Debug|Any CPU
		{AC682990-4508-4BCC-85A0-53383F3BCE47}.Debug|x86.ActiveCfg = Debug|Any CPU
		{AC682990-4508-4BCC-85A0-53383F3BCE47}.Debug|x86.Build.0 = Debug|Any CPU
		{AC682990-4508-4BCC-85A0-53383F3BCE47}.Release|Any CPU.ActiveCfg = Release|Any CPU
		{AC682990-4508-4BCC-85A0-53383F3BCE47}.Release|Any CPU.Build.0 = Release|Any CPU
		{AC682990-4508-4BCC-85A0-53383F3BCE47}.Release|x64.ActiveCfg = Release|Any CPU
		{AC682990-4508-4BCC-85A0-53383F3BCE47}.Release|x64.Build.0 = Release|Any CPU
		{AC682990-4508-4BCC-85A0-53383F3BCE47}.Release|x86.ActiveCfg = Release|Any CPU
		{AC682990-4508-4BCC-85A0-53383F3BCE47}.Release|x86.Build.0 = Release|Any CPU
		{D6F445E7-46AD-42A8-AF2D-8ADC91853EB0}.Debug|Any CPU.ActiveCfg = Debug|Any CPU
		{D6F445E7-46AD-42A8-AF2D-8ADC91853EB0}.Debug|Any CPU.Build.0 = Debug|Any CPU
		{D6F445E7-46AD-42A8-AF2D-8ADC91853EB0}.Debug|x64.ActiveCfg = Debug|Any CPU
		{D6F445E7-46AD-42A8-AF2D-8ADC91853EB0}.Debug|x64.Build.0 = Debug|Any CPU
		{D6F445E7-46AD-42A8-AF2D-8ADC91853EB0}.Debug|x86.ActiveCfg = Debug|Any CPU
		{D6F445E7-46AD-42A8-AF2D-8ADC91853EB0}.Debug|x86.Build.0 = Debug|Any CPU
		{D6F445E7-46AD-42A8-AF2D-8ADC91853EB0}.Release|Any CPU.ActiveCfg = Release|Any CPU
		{D6F445E7-46AD-42A8-AF2D-8ADC91853EB0}.Release|Any CPU.Build.0 = Release|Any CPU
		{D6F445E7-46AD-42A8-AF2D-8ADC91853EB0}.Release|x64.ActiveCfg = Release|Any CPU
		{D6F445E7-46AD-42A8-AF2D-8ADC91853EB0}.Release|x64.Build.0 = Release|Any CPU
		{D6F445E7-46AD-42A8-AF2D-8ADC91853EB0}.Release|x86.ActiveCfg = Release|Any CPU
		{D6F445E7-46AD-42A8-AF2D-8ADC91853EB0}.Release|x86.Build.0 = Release|Any CPU
		{DB233210-8C38-4675-90A3-9D99426D45A9}.Debug|Any CPU.ActiveCfg = Debug|Any CPU
		{DB233210-8C38-4675-90A3-9D99426D45A9}.Debug|Any CPU.Build.0 = Debug|Any CPU
		{DB233210-8C38-4675-90A3-9D99426D45A9}.Debug|x64.ActiveCfg = Debug|Any CPU
		{DB233210-8C38-4675-90A3-9D99426D45A9}.Debug|x64.Build.0 = Debug|Any CPU
		{DB233210-8C38-4675-90A3-9D99426D45A9}.Debug|x86.ActiveCfg = Debug|Any CPU
		{DB233210-8C38-4675-90A3-9D99426D45A9}.Debug|x86.Build.0 = Debug|Any CPU
		{DB233210-8C38-4675-90A3-9D99426D45A9}.Release|Any CPU.ActiveCfg = Release|Any CPU
		{DB233210-8C38-4675-90A3-9D99426D45A9}.Release|Any CPU.Build.0 = Release|Any CPU
		{DB233210-8C38-4675-90A3-9D99426D45A9}.Release|x64.ActiveCfg = Release|Any CPU
		{DB233210-8C38-4675-90A3-9D99426D45A9}.Release|x64.Build.0 = Release|Any CPU
		{DB233210-8C38-4675-90A3-9D99426D45A9}.Release|x86.ActiveCfg = Release|Any CPU
		{DB233210-8C38-4675-90A3-9D99426D45A9}.Release|x86.Build.0 = Release|Any CPU
		{6E5C776C-6119-4003-9D19-1401402722D5}.Debug|Any CPU.ActiveCfg = Debug|Any CPU
		{6E5C776C-6119-4003-9D19-1401402722D5}.Debug|Any CPU.Build.0 = Debug|Any CPU
		{6E5C776C-6119-4003-9D19-1401402722D5}.Debug|x64.ActiveCfg = Debug|Any CPU
		{6E5C776C-6119-4003-9D19-1401402722D5}.Debug|x64.Build.0 = Debug|Any CPU
		{6E5C776C-6119-4003-9D19-1401402722D5}.Debug|x86.ActiveCfg = Debug|Any CPU
		{6E5C776C-6119-4003-9D19-1401402722D5}.Debug|x86.Build.0 = Debug|Any CPU
		{6E5C776C-6119-4003-9D19-1401402722D5}.Release|Any CPU.ActiveCfg = Release|Any CPU
		{6E5C776C-6119-4003-9D19-1401402722D5}.Release|Any CPU.Build.0 = Release|Any CPU
		{6E5C776C-6119-4003-9D19-1401402722D5}.Release|x64.ActiveCfg = Release|Any CPU
		{6E5C776C-6119-4003-9D19-1401402722D5}.Release|x64.Build.0 = Release|Any CPU
		{6E5C776C-6119-4003-9D19-1401402722D5}.Release|x86.ActiveCfg = Release|Any CPU
		{6E5C776C-6119-4003-9D19-1401402722D5}.Release|x86.Build.0 = Release|Any CPU
		{1570DC37-18DD-4658-901C-F1A50492AED7}.Debug|Any CPU.ActiveCfg = Debug|Any CPU
		{1570DC37-18DD-4658-901C-F1A50492AED7}.Debug|Any CPU.Build.0 = Debug|Any CPU
		{1570DC37-18DD-4658-901C-F1A50492AED7}.Debug|x64.ActiveCfg = Debug|Any CPU
		{1570DC37-18DD-4658-901C-F1A50492AED7}.Debug|x64.Build.0 = Debug|Any CPU
		{1570DC37-18DD-4658-901C-F1A50492AED7}.Debug|x86.ActiveCfg = Debug|Any CPU
		{1570DC37-18DD-4658-901C-F1A50492AED7}.Debug|x86.Build.0 = Debug|Any CPU
		{1570DC37-18DD-4658-901C-F1A50492AED7}.Release|Any CPU.ActiveCfg = Release|Any CPU
		{1570DC37-18DD-4658-901C-F1A50492AED7}.Release|Any CPU.Build.0 = Release|Any CPU
		{1570DC37-18DD-4658-901C-F1A50492AED7}.Release|x64.ActiveCfg = Release|Any CPU
		{1570DC37-18DD-4658-901C-F1A50492AED7}.Release|x64.Build.0 = Release|Any CPU
		{1570DC37-18DD-4658-901C-F1A50492AED7}.Release|x86.ActiveCfg = Release|Any CPU
		{1570DC37-18DD-4658-901C-F1A50492AED7}.Release|x86.Build.0 = Release|Any CPU
		{2264A4D2-5061-48EB-B3A2-31F74DDFBC83}.Debug|Any CPU.ActiveCfg = Debug|Any CPU
		{2264A4D2-5061-48EB-B3A2-31F74DDFBC83}.Debug|Any CPU.Build.0 = Debug|Any CPU
		{2264A4D2-5061-48EB-B3A2-31F74DDFBC83}.Debug|x64.ActiveCfg = Debug|Any CPU
		{2264A4D2-5061-48EB-B3A2-31F74DDFBC83}.Debug|x64.Build.0 = Debug|Any CPU
		{2264A4D2-5061-48EB-B3A2-31F74DDFBC83}.Debug|x86.ActiveCfg = Debug|Any CPU
		{2264A4D2-5061-48EB-B3A2-31F74DDFBC83}.Debug|x86.Build.0 = Debug|Any CPU
		{2264A4D2-5061-48EB-B3A2-31F74DDFBC83}.Release|Any CPU.ActiveCfg = Release|Any CPU
		{2264A4D2-5061-48EB-B3A2-31F74DDFBC83}.Release|Any CPU.Build.0 = Release|Any CPU
		{2264A4D2-5061-48EB-B3A2-31F74DDFBC83}.Release|x64.ActiveCfg = Release|Any CPU
		{2264A4D2-5061-48EB-B3A2-31F74DDFBC83}.Release|x64.Build.0 = Release|Any CPU
		{2264A4D2-5061-48EB-B3A2-31F74DDFBC83}.Release|x86.ActiveCfg = Release|Any CPU
		{2264A4D2-5061-48EB-B3A2-31F74DDFBC83}.Release|x86.Build.0 = Release|Any CPU
	EndGlobalSection
	GlobalSection(NestedProjects) = preSolution
		{21C9D1AA-3D5E-4D98-AD35-58A2C186AFC8} = {0CD12A2E-562A-4D32-AFD3-2258E821B9E7}
		{AC682990-4508-4BCC-85A0-53383F3BCE47} = {0CD12A2E-562A-4D32-AFD3-2258E821B9E7}
		{D6F445E7-46AD-42A8-AF2D-8ADC91853EB0} = {0CD12A2E-562A-4D32-AFD3-2258E821B9E7}
		{DB233210-8C38-4675-90A3-9D99426D45A9} = {0CD12A2E-562A-4D32-AFD3-2258E821B9E7}
		{6E5C776C-6119-4003-9D19-1401402722D5} = {0CD12A2E-562A-4D32-AFD3-2258E821B9E7}
		{1570DC37-18DD-4658-901C-F1A50492AED7} = {0CD12A2E-562A-4D32-AFD3-2258E821B9E7}
		{2264A4D2-5061-48EB-B3A2-31F74DDFBC83} = {0CD12A2E-562A-4D32-AFD3-2258E821B9E7}
	EndGlobalSection
EndGlobal
